github.com/aws/aws-lambda-go v1.10.0/go.mod h1:zUsUQhAUjYzR8AuduJPCfhBuKWUaDbQiPOG+ouzmE1A=
github.com/aws/aws-lambda-go v1.44.0 h1:Xp9PANXKsSJ23IhE4ths592uWTCEewswPhSH9qpAuQQ=
github.com/aws/aws-lambda-go v1.44.0/go.mod h1:dpMpZgvWx5vuQJfBt0zqBha60q7Dd7RfgJv23DymV8A=
github.com/davecgh/go-spew v1.1.1 h1:vj9j/u1bqnvCEfJOwUhtlOARqs3+rkHYY13jYWTU97c=
github.com/pmezard/go-difflib v1.0.0 h1:4DBwDE0NGyQoBHbLQYPwSUPoCMWR5BEzIk/f1lZbAQM=
github.com/stinkyfingers/lambdify v0.0.0-20230612180407-da5a10bb5d06 h1:xR4+BqzEi1a7sUWPQbVOtyx/WVAlxa/7otf+q/mEsEY=
github.com/stinkyfingers/lambdify v0.0.0-20230612180407-da5a10bb5d06/go.mod h1:DGLE9cr0ZkVkBc2/PvhB9zmrswvi1D4KZIobMHfU9kk=
github.com/stretchr/testify v1.7.2 h1:4jaiDzPyXQvSd7D0EjG45355tLlV3VOECpq10pLC+8s=
gopkg.in/yaml.v3 v3.0.1 h1:fxVm/GzAzEWqLHuvctI91KS9hhNmmWOoWu0XTYJS7CA=
